<?xml version="1.0" encoding="utf-8"?>
<Project ToolsVersion="4.0" xmlns="http://schemas.microsoft.com/developer/msbuild/2003">
  <ItemGroup>
    <Filter Include="Quelldateien">
      <UniqueIdentifier>{4FC737F1-C7A5-4376-A066-2A32D752A2FF}</UniqueIdentifier>
      <Extensions>cpp;c;cc;cxx;c++;cppm;ixx;def;odl;idl;hpj;bat;asm;asmx</Extensions>
    </Filter>
    <Filter Include="Headerdateien">
      <UniqueIdentifier>{93995380-89BD-4b04-88EB-625FBE52EBFB}</UniqueIdentifier>
      <Extensions>h;hh;hpp;hxx;h++;hm;inl;inc;ipp;xsd</Extensions>
    </Filter>
    <Filter Include="Ressourcendateien">
      <UniqueIdentifier>{67DA6AB6-F800-4c08-8B7A-83BB121AAD01}</UniqueIdentifier>
      <Extensions>rc;ico;cur;bmp;dlg;rc2;rct;bin;rgs;gif;jpg;jpeg;jpe;resx;tiff;tif;png;wav;mfcribbon-ms</Extensions>
    </Filter>
    <Filter Include="Headerdateien\core">
      <UniqueIdentifier>{cf87894c-ca54-43a4-a415-b1bc4d961502}</UniqueIdentifier>
    </Filter>
    <Filter Include="Headerdateien\Lib">
      <UniqueIdentifier>{08d23893-9a76-4f47-9c60-1b9cb5a5f7b9}</UniqueIdentifier>
    </Filter>
    <Filter Include="Headerdateien\Screens">
      <UniqueIdentifier>{1c5c0338-696a-462b-aa12-63af82a7a0fe}</UniqueIdentifier>
    </Filter>
    <Filter Include="Quelldateien\Lib">
      <UniqueIdentifier>{8231292f-167a-4d24-a20f-f90d0bc3d291}</UniqueIdentifier>
    </Filter>
    <Filter Include="Headerdateien\Screens\Client">
      <UniqueIdentifier>{87831641-dd2a-4675-864d-2a7a3fc552e3}</UniqueIdentifier>
    </Filter>
    <Filter Include="Headerdateien\Screens\Client\TransactionMenue">
      <UniqueIdentifier>{7cb096c0-776a-4550-9120-5e176d5da35a}</UniqueIdentifier>
    </Filter>
    <Filter Include="Headerdateien\Screens\CurrencyExchange">
      <UniqueIdentifier>{5cfac990-2a08-4f6b-89b8-d4fa8d69165b}</UniqueIdentifier>
    </Filter>
    <Filter Include="Headerdateien\Screens\ManageUsers">
      <UniqueIdentifier>{01e41343-8b14-4daf-9b4e-1525031e32a4}</UniqueIdentifier>
    </Filter>
    <Filter Include="Headerdateien\Screens\ManageUsers\LoginScreen">
      <UniqueIdentifier>{007939d7-3c85-4caa-affe-c69e7391bd09}</UniqueIdentifier>
    </Filter>
  </ItemGroup>
  <ItemGroup>
    <ClInclude Include="Global.hh">
      <Filter>Headerdateien</Filter>
    </ClInclude>
    <ClInclude Include="ClsWithdrawScreen.hh">
      <Filter>Headerdateien\Screens\Client\TransactionMenue</Filter>
    </ClInclude>
    <ClInclude Include="ClsTransactionMenueScreen.hh">
      <Filter>Headerdateien\Screens\Client\TransactionMenue</Filter>
    </ClInclude>
    <ClInclude Include="ClsTotalBalancesScreen.hh">
      <Filter>Headerdateien\Screens\Client\TransactionMenue</Filter>
    </ClInclude>
    <ClInclude Include="ClsDepositScreen.hh">
      <Filter>Headerdateien\Screens\Client\TransactionMenue</Filter>
    </ClInclude>
    <ClInclude Include="ManageUsersScreen.hh">
      <Filter>Headerdateien\Screens\ManageUsers</Filter>
    </ClInclude>
    <ClInclude Include="ClsUpdateUserScreen.hh">
      <Filter>Headerdateien\Screens\ManageUsers</Filter>
    </ClInclude>
    <ClInclude Include="ClsListUsersScreen.hh">
      <Filter>Headerdateien\Screens\ManageUsers</Filter>
    </ClInclude>
    <ClInclude Include="ClsFindUserScreen.hh">
      <Filter>Headerdateien\Screens\ManageUsers</Filter>
    </ClInclude>
    <ClInclude Include="ClsDeleteUserScreen.hh">
      <Filter>Headerdateien\Screens\ManageUsers</Filter>
    </ClInclude>
    <ClInclude Include="ClsAddNewUserScreen.hh">
      <Filter>Headerdateien\Screens\ManageUsers</Filter>
    </ClInclude>
    <ClInclude Include="ClsTransfer.hh">
      <Filter>Headerdateien\Screens\Client\TransactionMenue</Filter>
    </ClInclude>
    <ClInclude Include="ClsTransferLog.hh">
      <Filter>Headerdateien\Screens\Client\TransactionMenue</Filter>
    </ClInclude>
    <ClInclude Include="ClsCurrencyExchangeMenueScreen.hh">
      <Filter>Headerdateien\Screens\CurrencyExchange</Filter>
    </ClInclude>
    <ClInclude Include="ClsCurrencyListScreen.hh">
      <Filter>Headerdateien\Screens\CurrencyExchange</Filter>
    </ClInclude>
    <ClInclude Include="ClsFindCurrencyScreen.hh">
      <Filter>Headerdateien\Screens\CurrencyExchange</Filter>
    </ClInclude>
    <ClInclude Include="ClsUpdateRateScreen.hh">
      <Filter>Headerdateien\Screens\CurrencyExchange</Filter>
    </ClInclude>
    <ClInclude Include="ClsClient.hh">
      <Filter>Headerdateien\core</Filter>
    </ClInclude>
    <ClInclude Include="ClsCurrency.hh">
      <Filter>Headerdateien\core</Filter>
    </ClInclude>
    <ClInclude Include="ClsPerson.hh">
      <Filter>Headerdateien\core</Filter>
    </ClInclude>
    <ClInclude Include="ClsUser.hh">
      <Filter>Headerdateien\core</Filter>
    </ClInclude>
    <ClInclude Include="ClsDate.hh">
      <Filter>Headerdateien\Lib</Filter>
    </ClInclude>
    <ClInclude Include="ClsValidate.hh">
      <Filter>Headerdateien\Lib</Filter>
    </ClInclude>
    <ClInclude Include="ClsString.hh">
      <Filter>Headerdateien\Lib</Filter>
    </ClInclude>
    <ClInclude Include="ClsUtil.hh">
      <Filter>Headerdateien\Lib</Filter>
    </ClInclude>
    <ClInclude Include="ClsMainScreen.hh">
      <Filter>Headerdateien\Screens</Filter>
    </ClInclude>
    <ClInclude Include="ClsScreen.hh">
      <Filter>Headerdateien\Screens</Filter>
    </ClInclude>
    <ClInclude Include="ClsAddNewClientScreen.hh">
      <Filter>Headerdateien\Screens\Client</Filter>
    </ClInclude>
    <ClInclude Include="ClsClientListScreen.hh">
      <Filter>Headerdateien\Screens\Client</Filter>
    </ClInclude>
    <ClInclude Include="ClsDeleteClientScreen.hh">
      <Filter>Headerdateien\Screens\Client</Filter>
    </ClInclude>
    <ClInclude Include="ClsFindClientScreen.hh">
      <Filter>Headerdateien\Screens\Client</Filter>
    </ClInclude>
    <ClInclude Include="ClsUpdateClientScreen.hh">
      <Filter>Headerdateien\Screens\Client</Filter>
    </ClInclude>
    <ClInclude Include="ClsLoginRegisterScreen.hh">
      <Filter>Headerdateien\Screens\ManageUsers\LoginScreen</Filter>
    </ClInclude>
    <ClInclude Include="ClsLoginScreen.hh">
      <Filter>Headerdateien\Screens\ManageUsers\LoginScreen</Filter>
    </ClInclude>
  </ItemGroup>
  <ItemGroup>
    <ClCompile Include="main.cpp">
      <Filter>Quelldateien</Filter>
    </ClCompile>
    <ClCompile Include="ClsClient.cpp">
      <Filter>Quelldateien\Lib</Filter>
    </ClCompile>
    <ClCompile Include="ClsDate.cpp">
      <Filter>Quelldateien\Lib</Filter>
    </ClCompile>
    <ClCompile Include="ClsPerson.cpp">
      <Filter>Quelldateien\Lib</Filter>
    </ClCompile>
    <ClCompile Include="ClsString.cpp">
      <Filter>Quelldateien\Lib</Filter>
    </ClCompile>
    <ClCompile Include="ClsUtil.cpp">
      <Filter>Quelldateien\Lib</Filter>
    </ClCompile>
    <ClCompile Include="ClsValidate.cpp">
      <Filter>Quelldateien\Lib</Filter>
    </ClCompile>
  </ItemGroup>
  <ItemGroup>
    <Text Include="Clients.txt" />
    <Text Include="LoginRegister.txt" />
    <Text Include="Users.txt" />
    <Text Include="TransferLog.txt" />
    <Text Include="Currencies.txt" />
  </ItemGroup>
  <ItemGroup>
    <None Include="makefile" />
  </ItemGroup>
</Project>